
Microsoft Visual Studio Solution File, Format Version 12.00
# Visual Studio 15
VisualStudioVersion = 15.0.28307.852
MinimumVisualStudioVersion = 10.0.40219.1
Project("{FAE04EC0-301F-11D3-BF4B-00C04F79EFBC}") = "4th Assignment", "3rdassignment\4th Assignment.csproj", "{B40D3966-498A-4E11-8B20-9AA8CFD88424}"
EndProject
Global
	GlobalSection(SolutionConfigurationPlatforms) = preSolution
		Debug|Any CPU = Debug|Any CPU
		Release|Any CPU = Release|Any CPU
	EndGlobalSection
	GlobalSection(ProjectConfigurationPlatforms) = postSolution
		{B40D3966-498A-4E11-8B20-9AA8CFD88424}.Debug|Any CPU.ActiveCfg = Debug|Any CPU
		{B40D3966-498A-4E11-8B20-9AA8CFD88424}.Debug|Any CPU.Build.0 = Debug|Any CPU
		{B40D3966-498A-4E11-8B20-9AA8CFD88424}.Release|Any CPU.ActiveCfg = Release|Any CPU
		{B40D3966-498A-4E11-8B20-9AA8CFD88424}.Release|Any CPU.Build.0 = Release|Any CPU
	EndGlobalSection
	GlobalSection(SolutionProperties) = preSolution
		HideSolutionNode = FALSE
	EndGlobalSection
	GlobalSection(ExtensibilityGlobals) = postSolution
		SolutionGuid = {32E9BF5D-C9D8-4784-82FF-DFCBB1BF7CE3}
	EndGlobalSection
EndGlobal
